github.com/hugomods/echarts v0.1.0 h1:ACxCHWi8DzJIZCCnKs9X+60vucrinDC/w2jmCFUc91w=
github.com/hugomods/echarts v0.1.0/go.mod h1:RrUk6TpRJUsMtNA4w9IydbrhPCqdlbCkEV0QDTYsxHc=
github.com/hugomods/images v0.1.0 h1:MwXzK6j7xMCQwlHhmKGg3ewT3+Roaan+TO5wteYKpFI=
github.com/hugomods/images v0.1.0/go.mod h1:U6Gwj16LKvk66rOMyGFrnF6f0aV8lT89lqOsckOAjYY=
