github.com/hugomods/images v0.1.0 h1:MwXzK6j7xMCQwlHhmKGg3ewT3+Roaan+TO5wteYKpFI=
github.com/hugomods/images v0.1.0/go.mod h1:U6Gwj16LKvk66rOMyGFrnF6f0aV8lT89lqOsckOAjYY=
github.com/hugomods/kroki v0.1.0 h1:k/81mhbWg5HtbWE2KX/EGUGmMCeDTSjCFUeH5oAI1fY=
github.com/hugomods/kroki v0.1.0/go.mod h1:1ITYc/pGsNaxX5hwTqlM5BFeO1kLPvZ4L2f6Y2B/Ypg=
